
Microsoft Visual Studio Solution File, Format Version 12.00
# Visual Studio Version 16
VisualStudioVersion = 16.0.30114.105
MinimumVisualStudioVersion = 10.0.40219.1
Project("{FAE04EC0-301F-11D3-BF4B-00C04F79EFBC}") = "D3.EventHub.Listenter", "src\D3.EventHub.Listenter\D3.EventHub.Listenter.csproj", "{4E949A9B-54EC-45E0-A880-D368FB0F7B3D}"
EndProject
Project("{FAE04EC0-301F-11D3-BF4B-00C04F79EFBC}") = "D3.AccountLedger.Api", "src\D3.AccountLedger.Api\D3.AccountLedger.Api.csproj", "{EA1163FD-459A-4A51-80DD-48BF81799BF4}"
EndProject
Global
	GlobalSection(SolutionConfigurationPlatforms) = preSolution
		Debug|Any CPU = Debug|Any CPU
		Release|Any CPU = Release|Any CPU
	EndGlobalSection
	GlobalSection(ProjectConfigurationPlatforms) = postSolution
		{4E949A9B-54EC-45E0-A880-D368FB0F7B3D}.Debug|Any CPU.ActiveCfg = Debug|Any CPU
		{4E949A9B-54EC-45E0-A880-D368FB0F7B3D}.Debug|Any CPU.Build.0 = Debug|Any CPU
		{4E949A9B-54EC-45E0-A880-D368FB0F7B3D}.Release|Any CPU.ActiveCfg = Release|Any CPU
		{4E949A9B-54EC-45E0-A880-D368FB0F7B3D}.Release|Any CPU.Build.0 = Release|Any CPU
		{EA1163FD-459A-4A51-80DD-48BF81799BF4}.Debug|Any CPU.ActiveCfg = Debug|Any CPU
		{EA1163FD-459A-4A51-80DD-48BF81799BF4}.Debug|Any CPU.Build.0 = Debug|Any CPU
		{EA1163FD-459A-4A51-80DD-48BF81799BF4}.Release|Any CPU.ActiveCfg = Release|Any CPU
		{EA1163FD-459A-4A51-80DD-48BF81799BF4}.Release|Any CPU.Build.0 = Release|Any CPU
	EndGlobalSection
	GlobalSection(SolutionProperties) = preSolution
		HideSolutionNode = FALSE
	EndGlobalSection
	GlobalSection(ExtensibilityGlobals) = postSolution
		SolutionGuid = {58028C43-EE25-4408-A075-9D995DDBDBD4}
	EndGlobalSection
EndGlobal
